// !$*UTF8*$!
{
	archiveVersion = 1;
	classes = {
	};
	objectVersion = 46;
	objects = {

/* Begin PBXFileReference section */
		A424E5C91B604EEB00A5EA63 /* register.html */ = {isa = PBXFileReference; lastKnownFileType = text.html; path = register.html; sourceTree = "<group>"; };
		A424E5CA1B604F2400A5EA63 /* register.js */ = {isa = PBXFileReference; lastKnownFileType = sourcecode.javascript; path = register.js; sourceTree = "<group>"; };
		A427B1EF1BDD6E6E000C00AD /* validation.js */ = {isa = PBXFileReference; lastKnownFileType = sourcecode.javascript; path = validation.js; sourceTree = "<group>"; };
		A45A5F911BB08210006276ED /* angular.min.js */ = {isa = PBXFileReference; lastKnownFileType = sourcecode.javascript; path = angular.min.js; sourceTree = "<group>"; };
		A45A5F921BB08210006276ED /* app.js */ = {isa = PBXFileReference; lastKnownFileType = sourcecode.javascript; path = app.js; sourceTree = "<group>"; };
		A45A5F931BB08210006276ED /* controllers.js */ = {isa = PBXFileReference; lastKnownFileType = sourcecode.javascript; path = controllers.js; sourceTree = "<group>"; };
		A45A5F941BB08210006276ED /* directives.js */ = {isa = PBXFileReference; lastKnownFileType = sourcecode.javascript; path = directives.js; sourceTree = "<group>"; };
		A4619CE01B63093C00734862 /* voucher.html */ = {isa = PBXFileReference; lastKnownFileType = text.html; path = voucher.html; sourceTree = "<group>"; };
		A4619CE11B63095500734862 /* voucher.js */ = {isa = PBXFileReference; lastKnownFileType = sourcecode.javascript; path = voucher.js; sourceTree = "<group>"; };
		A47778701B83F47C00EF17B9 /* main.js */ = {isa = PBXFileReference; lastKnownFileType = sourcecode.javascript; path = main.js; sourceTree = "<group>"; };
		A478FD951B52878C00FFD48A /* aes.js */ = {isa = PBXFileReference; lastKnownFileType = sourcecode.javascript; path = aes.js; sourceTree = "<group>"; };
		A478FD961B52878C00FFD48A /* arithmatic.js */ = {isa = PBXFileReference; lastKnownFileType = sourcecode.javascript; path = arithmatic.js; sourceTree = "<group>"; };
		A478FD971B52878C00FFD48A /* comparision.js */ = {isa = PBXFileReference; lastKnownFileType = sourcecode.javascript; path = comparision.js; sourceTree = "<group>"; };
		A478FD981B52878C00FFD48A /* CryptoJS */ = {isa = PBXFileReference; lastKnownFileType = folder; path = CryptoJS; sourceTree = "<group>"; };
		A478FD991B52878C00FFD48A /* function.js */ = {isa = PBXFileReference; lastKnownFileType = sourcecode.javascript; path = function.js; sourceTree = "<group>"; };
		A478FD9A1B52878C00FFD48A /* hw.js */ = {isa = PBXFileReference; lastKnownFileType = sourcecode.javascript; path = hw.js; sourceTree = "<group>"; };
		A478FD9B1B52878C00FFD48A /* index.html */ = {isa = PBXFileReference; lastKnownFileType = text.html; path = index.html; sourceTree = "<group>"; };
		A478FD9D1B52878C00FFD48A /* login.js */ = {isa = PBXFileReference; lastKnownFileType = sourcecode.javascript; path = login.js; sourceTree = "<group>"; };
		A478FD9E1B52878C00FFD48A /* mainpage.html */ = {isa = PBXFileReference; lastKnownFileType = text.html; path = mainpage.html; sourceTree = "<group>"; };
		A478FD9F1B52878C00FFD48A /* observer.js */ = {isa = PBXFileReference; lastKnownFileType = sourcecode.javascript; path = observer.js; sourceTree = "<group>"; };
		A478FDA01B52878C00FFD48A /* operators.html */ = {isa = PBXFileReference; lastKnownFileType = text.html; path = operators.html; sourceTree = "<group>"; };
		A478FDA11B52878C00FFD48A /* sha3.js */ = {isa = PBXFileReference; lastKnownFileType = sourcecode.javascript; path = sha3.js; sourceTree = "<group>"; };
		A478FDA21B52878C00FFD48A /* target.html */ = {isa = PBXFileReference; lastKnownFileType = text.html; path = target.html; sourceTree = "<group>"; };
		A478FDA31B52878C00FFD48A /* telerik.js */ = {isa = PBXFileReference; lastKnownFileType = sourcecode.javascript; path = telerik.js; sourceTree = "<group>"; };
		A478FDA41B52878C00FFD48A /* validations.html */ = {isa = PBXFileReference; lastKnownFileType = text.html; path = validations.html; sourceTree = "<group>"; };
		A478FDA51B52878C00FFD48A /* validations.js */ = {isa = PBXFileReference; lastKnownFileType = sourcecode.javascript; path = validations.js; sourceTree = "<group>"; };
/* End PBXFileReference section */

/* Begin PBXGroup section */
		A478FD8E1B52874700FFD48A = {
			isa = PBXGroup;
			children = (
				A427B1EF1BDD6E6E000C00AD /* validation.js */,
				A45A5F911BB08210006276ED /* angular.min.js */,
				A45A5F921BB08210006276ED /* app.js */,
				A45A5F931BB08210006276ED /* controllers.js */,
				A45A5F941BB08210006276ED /* directives.js */,
				A47778701B83F47C00EF17B9 /* main.js */,
				A4619CE01B63093C00734862 /* voucher.html */,
				A4619CE11B63095500734862 /* voucher.js */,
				A424E5CA1B604F2400A5EA63 /* register.js */,
				A424E5C91B604EEB00A5EA63 /* register.html */,
				A478FD951B52878C00FFD48A /* aes.js */,
				A478FD961B52878C00FFD48A /* arithmatic.js */,
				A478FD971B52878C00FFD48A /* comparision.js */,
				A478FD981B52878C00FFD48A /* CryptoJS */,
				A478FD991B52878C00FFD48A /* function.js */,
				A478FD9A1B52878C00FFD48A /* hw.js */,
				A478FD9B1B52878C00FFD48A /* index.html */,
				A478FD9D1B52878C00FFD48A /* login.js */,
				A478FD9E1B52878C00FFD48A /* mainpage.html */,
				A478FD9F1B52878C00FFD48A /* observer.js */,
				A478FDA01B52878C00FFD48A /* operators.html */,
				A478FDA11B52878C00FFD48A /* sha3.js */,
				A478FDA21B52878C00FFD48A /* target.html */,
				A478FDA31B52878C00FFD48A /* telerik.js */,
				A478FDA41B52878C00FFD48A /* validations.html */,
				A478FDA51B52878C00FFD48A /* validations.js */,
			);
			sourceTree = "<group>";
		};
/* End PBXGroup section */

/* Begin PBXProject section */
		A478FD8F1B52874700FFD48A /* Project object */ = {
			isa = PBXProject;
			attributes = {
				LastUpgradeCheck = 0640;
			};
			buildConfigurationList = A478FD921B52874700FFD48A /* Build configuration list for PBXProject "javaScript" */;
			compatibilityVersion = "Xcode 3.2";
			developmentRegion = English;
			hasScannedForEncodings = 0;
			knownRegions = (
				en,
			);
			mainGroup = A478FD8E1B52874700FFD48A;
			projectDirPath = "";
			projectRoot = "";
			targets = (
			);
		};
/* End PBXProject section */

/* Begin XCBuildConfiguration section */
		A478FD931B52874700FFD48A /* Debug */ = {
			isa = XCBuildConfiguration;
			buildSettings = {
			};
			name = Debug;
		};
		A478FD941B52874700FFD48A /* Release */ = {
			isa = XCBuildConfiguration;
			buildSettings = {
			};
			name = Release;
		};
/* End XCBuildConfiguration section */

/* Begin XCConfigurationList section */
		A478FD921B52874700FFD48A /* Build configuration list for PBXProject "javaScript" */ = {
			isa = XCConfigurationList;
			buildConfigurations = (
				A478FD931B52874700FFD48A /* Debug */,
				A478FD941B52874700FFD48A /* Release */,
			);
			defaultConfigurationIsVisible = 0;
			defaultConfigurationName = Release;
		};
/* End XCConfigurationList section */
	};
	rootObject = A478FD8F1B52874700FFD48A /* Project object */;
}
